github.com/Main-Kube/util v0.0.0-20220715094234-8824d3b47223 h1:kBj01gBjAmjZE8ZAFCV2CrSeRnsP0X1E7hv46MO+oKU=
github.com/Main-Kube/util v0.0.0-20220715094234-8824d3b47223/go.mod h1:dXYstDBGkP9GxbRmLMF456FFXGyHEB6ljN9wPnoqk+g=
github.com/evanphx/json-patch v0.5.2 h1:xVCHIVMUu1wtM/VkR9jVZ45N3FhZfYMMYGorLCR8P3k=
github.com/evanphx/json-patch v0.5.2/go.mod h1:ZWS5hhDbVDyob71nXKNL0+PWn6ToqBHMikGIFbs31qQ=
github.com/google/uuid v1.3.0 h1:t6JiXgmwXMjEs8VusXIJk2BXHsn+wx8BZdTaoZ5fu7I=
github.com/google/uuid v1.3.0/go.mod h1:TIyPZe4MgqvfeYDBFedMoGGpEw/LqOeaOT+nhxU+yHo=
github.com/jessevdk/go-flags v1.4.0/go.mod h1:4FA24M0QyGHXBuZZK/XkWh8h0e1EYbRYJSGM75WSRxI=
github.com/pkg/errors v0.9.1 h1:FEBLx1zS214owpjy7qsBeixbURkuhQAwrK5UwLGTwt4=
github.com/pkg/errors v0.9.1/go.mod h1:bwawxfHBFNV+L2hUp1rHADufV3IMtnDRdf1r5NINEl0=
github.com/tidwall/gjson v1.14.0 h1:6aeJ0bzojgWLa82gDQHcx3S0Lr/O51I9bJ5nv6JFx5w=
github.com/tidwall/gjson v1.14.0/go.mod h1:/wbyibRr2FHMks5tjHJ5F8dMZh3AcwJEMf5vlfC0lxk=
github.com/tidwall/match v1.1.1 h1:+Ho715JplO36QYgwN9PGYNhgZvoUSc9X2c80KVTi+GA=
github.com/tidwall/match v1.1.1/go.mod h1:eRSPERbgtNPcGhD8UCthc6PmLEQXEWd3PRB5JTxsfmM=
github.com/tidwall/pretty v1.2.0 h1:RWIZEg2iJ8/g6fDDYzMpobmaoGh5OLl4AXtGUGPcqCs=
github.com/tidwall/pretty v1.2.0/go.mod h1:ITEVvHYasfjBbM0u2Pg8T2nJnzm8xPwvNhhsoaGGjNU=
github.com/wI2L/jsondiff v0.2.0 h1:dE00WemBa1uCjrzQUUTE/17I6m5qAaN0EMFOg2Ynr/k=
github.com/wI2L/jsondiff v0.2.0/go.mod h1:axTcwtBkY4TsKuV+RgoMhHyHKKFRI6nnjRLi8LLYQnA=
golang.org/x/exp v0.0.0-20220713135740-79cabaa25d75 h1:x03zeu7B2B11ySp+daztnwM5oBJ/8wGUSqrwcw9L0RA=
golang.org/x/exp v0.0.0-20220713135740-79cabaa25d75/go.mod h1:Kr81I6Kryrl9sr8s2FK3vxD90NdsKWRuOIl2O4CvYbA=
golang.org/x/sys v0.0.0-20211019181941-9d821ace8654 h1:id054HUawV2/6IGm2IV8KZQjqtwAOo2CYlOToYqa0d0=
golang.org/x/sys v0.0.0-20211019181941-9d821ace8654/go.mod h1:oPkhp1MJrh7nUepCBck5+mAzfO9JrbApNNgaTdGDITg=
syslabit.com/git/syslabit/log v0.0.0-20210815142336-c50bef1ee7dd h1:cFEETusIVb61vty9FJ4xseYcoh799y4m6lOaH2GcDO4=
syslabit.com/git/syslabit/log v0.0.0-20210815142336-c50bef1ee7dd/go.mod h1:Li5h6MLpssUemVEkTWyMnejndhEhfbQP73kOto2PsR4=
